github.com/likexian/gokit v0.0.0-20190309162924-0a377eecf7aa/go.mod h1:QdfYv6y6qPA9pbBA2qXtoT8BMKha6UyNbxWGWl/9Jfk=
github.com/likexian/simplejson-go v0.0.0-20190405163759-a463a9ef4cbd h1:5dkH+WQjqJIzaZk137kcezQTHlZ4YZ298FfyP37qnpY=
github.com/likexian/simplejson-go v0.0.0-20190405163759-a463a9ef4cbd/go.mod h1:Typ1BfnATYtZ/+/shXfFYLrovhFyuKvzwrdOnIDHlmg=
